
Microsoft Visual Studio Solution File, Format Version 12.00
# Visual Studio Version 17
VisualStudioVersion = 17.10.34706.255
MinimumVisualStudioVersion = 15.0.26124.0
Project("{2150E333-8FDC-42A3-9474-1A3956D46DE8}") = "Solution Items", "Solution Items", "{812D9C21-411D-4987-AB8E-C96185F01AD0}"
	ProjectSection(SolutionItems) = preProject
		LICENSE = LICENSE
		README.md = README.md
	EndProjectSection
EndProject
Project("{9A19103F-16F7-4668-BE54-9A1E7A4F7556}") = "ReQuesty.Runtime", "ReQuesty.Runtime\ReQuesty.Runtime.csproj", "{3F1F2EF2-8C57-4FC2-9722-68FAE551D19E}"
EndProject
Project("{9A19103F-16F7-4668-BE54-9A1E7A4F7556}") = "ReQuestyGenerated", "ReQuesty.Runtime.Generated\ReQuestyGenerated.csproj", "{A3771749-0661-4A8D-AC16-FF338AB71FC4}"
EndProject
Project("{2150E333-8FDC-42A3-9474-1A3956D46DE8}") = "Tests", "Tests", "{0AB3BF05-4346-4AA6-1389-037BE0695223}"
EndProject
Project("{9A19103F-16F7-4668-BE54-9A1E7A4F7556}") = "ReQuesty.Runtime.Tests", "Tests\ReQuesty.Runtime.Tests\ReQuesty.Runtime.Tests.csproj", "{A1155A75-88FB-4C21-AA96-240A0E69FF1A}"
EndProject
Global
	GlobalSection(SolutionConfigurationPlatforms) = preSolution
		Debug|Any CPU = Debug|Any CPU
		Release|Any CPU = Release|Any CPU
	EndGlobalSection
	GlobalSection(ProjectConfigurationPlatforms) = postSolution
		{3F1F2EF2-8C57-4FC2-9722-68FAE551D19E}.Debug|Any CPU.ActiveCfg = Debug|Any CPU
		{3F1F2EF2-8C57-4FC2-9722-68FAE551D19E}.Debug|Any CPU.Build.0 = Debug|Any CPU
		{3F1F2EF2-8C57-4FC2-9722-68FAE551D19E}.Release|Any CPU.ActiveCfg = Release|Any CPU
		{3F1F2EF2-8C57-4FC2-9722-68FAE551D19E}.Release|Any CPU.Build.0 = Release|Any CPU
		{A3771749-0661-4A8D-AC16-FF338AB71FC4}.Debug|Any CPU.ActiveCfg = Debug|Any CPU
		{A3771749-0661-4A8D-AC16-FF338AB71FC4}.Debug|Any CPU.Build.0 = Debug|Any CPU
		{A3771749-0661-4A8D-AC16-FF338AB71FC4}.Release|Any CPU.ActiveCfg = Release|Any CPU
		{A3771749-0661-4A8D-AC16-FF338AB71FC4}.Release|Any CPU.Build.0 = Release|Any CPU
		{A1155A75-88FB-4C21-AA96-240A0E69FF1A}.Debug|Any CPU.ActiveCfg = Debug|Any CPU
		{A1155A75-88FB-4C21-AA96-240A0E69FF1A}.Debug|Any CPU.Build.0 = Debug|Any CPU
		{A1155A75-88FB-4C21-AA96-240A0E69FF1A}.Release|Any CPU.ActiveCfg = Release|Any CPU
		{A1155A75-88FB-4C21-AA96-240A0E69FF1A}.Release|Any CPU.Build.0 = Release|Any CPU
	EndGlobalSection
	GlobalSection(SolutionProperties) = preSolution
		HideSolutionNode = FALSE
	EndGlobalSection
	GlobalSection(NestedProjects) = preSolution
		{A1155A75-88FB-4C21-AA96-240A0E69FF1A} = {0AB3BF05-4346-4AA6-1389-037BE0695223}
	EndGlobalSection
	GlobalSection(ExtensibilityGlobals) = postSolution
		SolutionGuid = {B0E38E50-7BC8-4E28-BDAC-BF38F7AF2CD2}
	EndGlobalSection
EndGlobal
